# THIS IS AN AUTOGENERATED FILE. DO NOT EDIT THIS FILE DIRECTLY.
# yarn lockfile v1


"@types/bcryptjs@^2.4.2":
  version "2.4.2"
  resolved "https://registry.yarnpkg.com/@types/bcryptjs/-/bcryptjs-2.4.2.tgz#e3530eac9dd136bfdfb0e43df2c4c5ce1f77dfae"
  integrity sha512-LiMQ6EOPob/4yUL66SZzu6Yh77cbzJFYll+ZfaPiPPFswtIlA/Fs1MzdKYA7JApHU49zQTbJGX3PDmCpIdDBRQ==

"@types/chance@^1.0.1":
  version "1.0.1"
  resolved "https://registry.yarnpkg.com/@types/chance/-/chance-1.0.1.tgz#c10703020369602c40dd9428cc6e1437027116df"
  integrity sha512-jtV6Bv/j+xk4gcXeLlESwNc/m/I/dIZA0xrt29g0uKcjyPob8iisj/5z0ARE+Ldfx4MxjNFNECG0z++J7zJgqg==

"@types/events@*":
  version "1.2.0"
  resolved "https://registry.yarnpkg.com/@types/events/-/events-1.2.0.tgz#81a6731ce4df43619e5c8c945383b3e62a89ea86"
  integrity sha512-KEIlhXnIutzKwRbQkGWb/I4HFqBuUykAdHgDED6xqwXJfONCjF5VoE0cXEiurh3XauygxzeDzgtXUqvLkxFzzA==

"@types/nanoid@^1.2.0":
  version "1.2.0"
  resolved "https://registry.yarnpkg.com/@types/nanoid/-/nanoid-1.2.0.tgz#c0141cfec5b4818016355389b0bd539097d872ff"
  integrity sha512-3/PFKYBTN3xDsABhbXS007PVhdKvDMkaG6nE83/dIaC2LOLhW6fPt9bOR6UdlRGLk4vy6fEvC9MjKy4CLFAjuQ==
  dependencies:
    "@types/node" "*"

"@types/node@*":
  version "10.12.2"
  resolved "https://registry.yarnpkg.com/@types/node/-/node-10.12.2.tgz#d77f9faa027cadad9c912cd47f4f8b07b0fb0864"
  integrity sha512-53ElVDSnZeFUUFIYzI8WLQ25IhWzb6vbddNp8UHlXQyU0ET2RhV5zg0NfubzU7iNMh5bBXb0htCzfvrSVNgzaQ==

"@types/node@^10.11.2":
  version "10.11.2"
  resolved "https://registry.yarnpkg.com/@types/node/-/node-10.11.2.tgz#59508b88ce90fe2742f7b8414c6f5db3e359570d"
  integrity sha512-XubfQDIg88PGJ7netQPf3QOKHF7Xht4WXGtg5W7cGBeQs9ETbYKwfchR9o+tRRA9iLTQ7nAre85M205JbYsjJA==

"@types/xml2js@^0.4.3":
  version "0.4.3"
  resolved "https://registry.yarnpkg.com/@types/xml2js/-/xml2js-0.4.3.tgz#2f41bfc74d5a4022511721f872ed395a210ad3b7"
  integrity sha512-Pv2HGRE4gWLs31In7nsyXEH4uVVsd0HNV9i2dyASvtDIlOtSTr1eczPLDpdEuyv5LWH5LT20GIXwPjkshKWI1g==
  dependencies:
    "@types/events" "*"
    "@types/node" "*"

bcryptjs@^2.4.3:
  version "2.4.3"
  resolved "https://registry.yarnpkg.com/bcryptjs/-/bcryptjs-2.4.3.tgz#9ab5627b93e60621ff7cdac5da9733027df1d0cb"
  integrity sha1-mrVie5PmBiH/fNrF2pczAn3x0Ms=

chance@^1.0.16:
  version "1.0.16"
  resolved "https://registry.yarnpkg.com/chance/-/chance-1.0.16.tgz#bd61912716b0010c3dca8e3948a960efcaa7bb1b"
  integrity sha512-2bgDHH5bVfAXH05SPtjqrsASzZ7h90yCuYT2z4mkYpxxYvJXiIydBFzVieVHZx7wLH1Ag2Azaaej2/zA1XUrNQ==

moment@^2.22.2:
  version "2.22.2"
  resolved "https://registry.yarnpkg.com/moment/-/moment-2.22.2.tgz#3c257f9839fc0e93ff53149632239eb90783ff66"
  integrity sha1-PCV/mDn8DpP/UxSWMiOeuQeD/2Y=

nanoid@^2.0.0:
  version "2.0.0"
  resolved "https://registry.yarnpkg.com/nanoid/-/nanoid-2.0.0.tgz#e1ab4a4b024a38d15531ba34a712a201540de639"
  integrity sha512-SG2qscLE3iM4C0CNzGrsAojJHSVHMS1J8NnvJ31P1lH8P0hGHOiafmniNJz6w6q7vuoDlV7RdySlJgtqkFEVtQ==

reflect-metadata@^0.1.12:
  version "0.1.12"
  resolved "https://registry.yarnpkg.com/reflect-metadata/-/reflect-metadata-0.1.12.tgz#311bf0c6b63cd782f228a81abe146a2bfa9c56f2"
  integrity sha512-n+IyV+nGz3+0q3/Yf1ra12KpCyi001bi4XFxSjbiWWjfqb52iTTtpGXmCCAOWWIAn9KEuFZKGqBERHmrtScZ3A==

sax@>=0.6.0:
  version "1.2.4"
  resolved "https://registry.yarnpkg.com/sax/-/sax-1.2.4.tgz#2816234e2378bddc4e5354fab5caa895df7100d9"
  integrity sha512-NqVDv9TpANUjFm0N8uM5GxL36UgKi9/atZw+x7YFnQ8ckwFGKrl4xX4yWtrey3UJm5nP1kUbnYgLopqWNSRhWw==

typescript@^3.1.1:
  version "3.1.1"
  resolved "https://registry.yarnpkg.com/typescript/-/typescript-3.1.1.tgz#3362ba9dd1e482ebb2355b02dfe8bcd19a2c7c96"
  integrity sha512-Veu0w4dTc/9wlWNf2jeRInNodKlcdLgemvPsrNpfu5Pq39sgfFjvIIgTsvUHCoLBnMhPoUA+tFxsXjU6VexVRQ==

xml2js@^0.4.19:
  version "0.4.19"
  resolved "https://registry.yarnpkg.com/xml2js/-/xml2js-0.4.19.tgz#686c20f213209e94abf0d1bcf1efaa291c7827a7"
  integrity sha512-esZnJZJOiJR9wWKMyuvSE1y6Dq5LCuJanqhxslH2bxM6duahNZ+HMpCLhBQGZkbX6xRf8x1Y2eJlgt2q3qo49Q==
  dependencies:
    sax ">=0.6.0"
    xmlbuilder "~9.0.1"

xmlbuilder@~9.0.1:
  version "9.0.7"
  resolved "https://registry.yarnpkg.com/xmlbuilder/-/xmlbuilder-9.0.7.tgz#132ee63d2ec5565c557e20f4c22df9aca686b10d"
  integrity sha1-Ey7mPS7FVlxVfiD0wi35rKaGsQ0=
